{
    "_readme": [
        "This file locks the dependencies of your project to a known state",
        "Read more about it at https://getcomposer.org/doc/01-basic-usage.md#installing-dependencies",
        "This file is @generated automatically"
    ],
    "content-hash": "279eef0d13d2c772de527e229595b5db",
    "packages": [
        {
            "name": "gpslab/sitemap",
            "version": "v2.0.1",
            "source": {
                "type": "git",
                "url": "https://github.com/gpslab/sitemap.git",
                "reference": "aecd4912891ed19603f8630e8ed5bb89f108d6db"
            },
            "dist": {
                "type": "zip",
                "url": "https://api.github.com/repos/gpslab/sitemap/zipball/aecd4912891ed19603f8630e8ed5bb89f108d6db",
                "reference": "aecd4912891ed19603f8630e8ed5bb89f108d6db",
                "shasum": ""
            },
            "require": {
                "ext-mbstring": "*",
                "php": ">=7.1.0"
            },
            "require-dev": {
                "ext-xmlwriter": "*",
                "ext-zlib": "*",
                "phpunit/phpunit": "~7.5",
                "psr/log": "~1.0"
            },
            "suggest": {
                "ext-xmlwriter": "Allow use XMLWriter for render sitemap.xml",
                "ext-zlib": "Allow use compression for sitemap.xml"
            },
            "type": "library",
            "autoload": {
                "psr-4": {
                    "GpsLab\\Component\\Sitemap\\": "src/"
                }
            },
            "notification-url": "https://packagist.org/downloads/",
            "license": [
                "MIT"
            ],
            "description": "sitemap.xml builder",
            "homepage": "https://github.com/gpslab/sitemap",
            "support": {
                "issues": "https://github.com/gpslab/sitemap/issues",
                "source": "https://github.com/gpslab/sitemap/tree/v2.0.1"
            },
            "time": "2021-05-14T11:28:02+00:00"
        }
    ],
    "packages-dev": [],
    "aliases": [],
    "minimum-stability": "stable",
    "stability-flags": [],
    "prefer-stable": false,
    "prefer-lowest": false,
    "platform": [],
    "platform-dev": [],
    "plugin-api-version": "2.3.0"
}
